<?xml version="1.0" encoding="utf-8"?>
<Project ToolsVersion="4.0" xmlns="http://schemas.microsoft.com/developer/msbuild/2003">
  <ItemGroup>
    <ClCompile Include="test.cpp" />
    <ClCompile Include="test_utils.cpp" />
    <ClCompile Include="test_chan.cpp" />
    <ClCompile Include="test_lock.cpp" />
  </ItemGroup>
  <ItemGroup>
    <ClInclude Include="test_utils.h" />
    <ClInclude Include="test.h" />
    <ClInclude Include="test_chan.h" />
    <ClInclude Include="test_lock.h" />
  </ItemGroup>
</Project>