
Microsoft Visual Studio Solution File, Format Version 12.00
# Visual Studio 14
VisualStudioVersion = 14.0.25420.1
MinimumVisualStudioVersion = 10.0.40219.1
Project("{8BC9CEB8-8B4A-11D0-8D11-00A0C91BC942}") = "srey", "srey\srey.vcxproj", "{40E74019-3325-437D-9C33-159720045E8C}"
	ProjectSection(ProjectDependencies) = postProject
		{1586D773-7F15-46FC-804C-553979C99A7D} = {1586D773-7F15-46FC-804C-553979C99A7D}
	EndProjectSection
EndProject
Project("{8BC9CEB8-8B4A-11D0-8D11-00A0C91BC942}") = "lib", "lib\lib.vcxproj", "{1586D773-7F15-46FC-804C-553979C99A7D}"
EndProject
Project("{8BC9CEB8-8B4A-11D0-8D11-00A0C91BC942}") = "test", "test\test.vcxproj", "{347F5881-B247-4F29-85E8-C961D60BA769}"
	ProjectSection(ProjectDependencies) = postProject
		{1586D773-7F15-46FC-804C-553979C99A7D} = {1586D773-7F15-46FC-804C-553979C99A7D}
	EndProjectSection
EndProject
Global
	GlobalSection(SolutionConfigurationPlatforms) = preSolution
		Debug|Any CPU = Debug|Any CPU
		Debug|x64 = Debug|x64
		Debug|x86 = Debug|x86
		Release|Any CPU = Release|Any CPU
		Release|x64 = Release|x64
		Release|x86 = Release|x86
	EndGlobalSection
	GlobalSection(ProjectConfigurationPlatforms) = postSolution
		{40E74019-3325-437D-9C33-159720045E8C}.Debug|Any CPU.ActiveCfg = Debug|Win32
		{40E74019-3325-437D-9C33-159720045E8C}.Debug|x64.ActiveCfg = Debug|x64
		{40E74019-3325-437D-9C33-159720045E8C}.Debug|x64.Build.0 = Debug|x64
		{40E74019-3325-437D-9C33-159720045E8C}.Debug|x86.ActiveCfg = Debug|Win32
		{40E74019-3325-437D-9C33-159720045E8C}.Debug|x86.Build.0 = Debug|Win32
		{40E74019-3325-437D-9C33-159720045E8C}.Release|Any CPU.ActiveCfg = Release|Win32
		{40E74019-3325-437D-9C33-159720045E8C}.Release|x64.ActiveCfg = Release|x64
		{40E74019-3325-437D-9C33-159720045E8C}.Release|x64.Build.0 = Release|x64
		{40E74019-3325-437D-9C33-159720045E8C}.Release|x86.ActiveCfg = Release|Win32
		{40E74019-3325-437D-9C33-159720045E8C}.Release|x86.Build.0 = Release|Win32
		{1586D773-7F15-46FC-804C-553979C99A7D}.Debug|Any CPU.ActiveCfg = Debug|Win32
		{1586D773-7F15-46FC-804C-553979C99A7D}.Debug|x64.ActiveCfg = Debug|x64
		{1586D773-7F15-46FC-804C-553979C99A7D}.Debug|x64.Build.0 = Debug|x64
		{1586D773-7F15-46FC-804C-553979C99A7D}.Debug|x86.ActiveCfg = Debug|Win32
		{1586D773-7F15-46FC-804C-553979C99A7D}.Debug|x86.Build.0 = Debug|Win32
		{1586D773-7F15-46FC-804C-553979C99A7D}.Release|Any CPU.ActiveCfg = Release|Win32
		{1586D773-7F15-46FC-804C-553979C99A7D}.Release|x64.ActiveCfg = Release|x64
		{1586D773-7F15-46FC-804C-553979C99A7D}.Release|x64.Build.0 = Release|x64
		{1586D773-7F15-46FC-804C-553979C99A7D}.Release|x86.ActiveCfg = Release|Win32
		{1586D773-7F15-46FC-804C-553979C99A7D}.Release|x86.Build.0 = Release|Win32
		{347F5881-B247-4F29-85E8-C961D60BA769}.Debug|Any CPU.ActiveCfg = Debug|Win32
		{347F5881-B247-4F29-85E8-C961D60BA769}.Debug|x64.ActiveCfg = Debug|x64
		{347F5881-B247-4F29-85E8-C961D60BA769}.Debug|x64.Build.0 = Debug|x64
		{347F5881-B247-4F29-85E8-C961D60BA769}.Debug|x86.ActiveCfg = Debug|Win32
		{347F5881-B247-4F29-85E8-C961D60BA769}.Debug|x86.Build.0 = Debug|Win32
		{347F5881-B247-4F29-85E8-C961D60BA769}.Release|Any CPU.ActiveCfg = Release|Win32
		{347F5881-B247-4F29-85E8-C961D60BA769}.Release|x64.ActiveCfg = Release|x64
		{347F5881-B247-4F29-85E8-C961D60BA769}.Release|x64.Build.0 = Release|x64
		{347F5881-B247-4F29-85E8-C961D60BA769}.Release|x86.ActiveCfg = Release|Win32
		{347F5881-B247-4F29-85E8-C961D60BA769}.Release|x86.Build.0 = Release|Win32
	EndGlobalSection
	GlobalSection(SolutionProperties) = preSolution
		HideSolutionNode = FALSE
	EndGlobalSection
EndGlobal
