<?xml version="1.0" encoding="utf-8"?>
<Project ToolsVersion="4.0" xmlns="http://schemas.microsoft.com/developer/msbuild/2003">
  <ItemGroup>
    <Filter Include="base">
      <UniqueIdentifier>{361ca8e0-bf69-4d1a-97ca-eccfd9c162ff}</UniqueIdentifier>
    </Filter>
    <Filter Include="utils">
      <UniqueIdentifier>{8915a949-0c9d-4ddc-8950-8c0342a0f5e0}</UniqueIdentifier>
    </Filter>
    <Filter Include="utils\md5">
      <UniqueIdentifier>{9c8059d5-b299-4f96-8c87-766cb728aa7b}</UniqueIdentifier>
    </Filter>
    <Filter Include="utils\sha1">
      <UniqueIdentifier>{8d0f8248-4127-4be8-93c0-282ff58b790f}</UniqueIdentifier>
    </Filter>
    <Filter Include="thread">
      <UniqueIdentifier>{fdd12c60-2ba2-4b60-b4c8-135cb0f4f80d}</UniqueIdentifier>
    </Filter>
    <Filter Include="utils\map">
      <UniqueIdentifier>{f48dd8e8-89dd-43e8-8803-6ae5cb8869d3}</UniqueIdentifier>
    </Filter>
    <Filter Include="event">
      <UniqueIdentifier>{592350de-6276-4356-a720-a8d95c38cf56}</UniqueIdentifier>
    </Filter>
    <Filter Include="event\win">
      <UniqueIdentifier>{50004071-3dc4-4bc2-a125-87a1c7a65d71}</UniqueIdentifier>
    </Filter>
    <Filter Include="event\unix">
      <UniqueIdentifier>{942da95e-2cdb-4ff7-ab71-5d496e592712}</UniqueIdentifier>
    </Filter>
    <Filter Include="service">
      <UniqueIdentifier>{4514f60a-300d-4622-a8d5-d93bdac30c0a}</UniqueIdentifier>
    </Filter>
    <Filter Include="proto">
      <UniqueIdentifier>{6de5de1a-091e-4521-8005-38cdba96ae3e}</UniqueIdentifier>
    </Filter>
    <Filter Include="utils\cjson">
      <UniqueIdentifier>{e5acf1bd-7207-4eb5-add0-4f8fb028a93a}</UniqueIdentifier>
    </Filter>
  </ItemGroup>
  <ItemGroup>
    <ClInclude Include="errcode.h">
      <Filter>base</Filter>
    </ClInclude>
    <ClInclude Include="os.h">
      <Filter>base</Filter>
    </ClInclude>
    <ClInclude Include="memory.h">
      <Filter>base</Filter>
    </ClInclude>
    <ClInclude Include="macro_unix.h">
      <Filter>base</Filter>
    </ClInclude>
    <ClInclude Include="macro_win.h">
      <Filter>base</Filter>
    </ClInclude>
    <ClInclude Include="macro.h">
      <Filter>base</Filter>
    </ClInclude>
    <ClInclude Include="queue.h">
      <Filter>utils</Filter>
    </ClInclude>
    <ClInclude Include="lib.h" />
    <ClInclude Include="utils.h">
      <Filter>utils</Filter>
    </ClInclude>
    <ClInclude Include="md5\md5.h">
      <Filter>utils\md5</Filter>
    </ClInclude>
    <ClInclude Include="sha1\sha1.h">
      <Filter>utils\sha1</Filter>
    </ClInclude>
    <ClInclude Include="cond.h">
      <Filter>thread</Filter>
    </ClInclude>
    <ClInclude Include="mutex.h">
      <Filter>thread</Filter>
    </ClInclude>
    <ClInclude Include="rwlock.h">
      <Filter>thread</Filter>
    </ClInclude>
    <ClInclude Include="spinlock.h">
      <Filter>thread</Filter>
    </ClInclude>
    <ClInclude Include="thread.h">
      <Filter>thread</Filter>
    </ClInclude>
    <ClInclude Include="timer.h">
      <Filter>utils</Filter>
    </ClInclude>
    <ClInclude Include="netaddr.h">
      <Filter>utils</Filter>
    </ClInclude>
    <ClInclude Include="netutils.h">
      <Filter>utils</Filter>
    </ClInclude>
    <ClInclude Include="chan.h">
      <Filter>utils</Filter>
    </ClInclude>
    <ClInclude Include="loger.h">
      <Filter>utils</Filter>
    </ClInclude>
    <ClInclude Include="buffer.h">
      <Filter>utils</Filter>
    </ClInclude>
    <ClInclude Include="tw.h">
      <Filter>utils</Filter>
    </ClInclude>
    <ClInclude Include="hashmap.h">
      <Filter>utils\map</Filter>
    </ClInclude>
    <ClInclude Include="event\event.h">
      <Filter>event</Filter>
    </ClInclude>
    <ClInclude Include="event\iocp.h">
      <Filter>event\win</Filter>
    </ClInclude>
    <ClInclude Include="event\evpub.h">
      <Filter>event</Filter>
    </ClInclude>
    <ClInclude Include="event\uev.h">
      <Filter>event\unix</Filter>
    </ClInclude>
    <ClInclude Include="sarray.h">
      <Filter>utils</Filter>
    </ClInclude>
    <ClInclude Include="event\skpool.h">
      <Filter>event</Filter>
    </ClInclude>
    <ClInclude Include="config.h">
      <Filter>base</Filter>
    </ClInclude>
    <ClInclude Include="event\evssl.h">
      <Filter>event</Filter>
    </ClInclude>
    <ClInclude Include="service\srey.h">
      <Filter>service</Filter>
    </ClInclude>
    <ClInclude Include="structs.h">
      <Filter>base</Filter>
    </ClInclude>
    <ClInclude Include="proto\protos.h">
      <Filter>proto</Filter>
    </ClInclude>
    <ClInclude Include="proto\simple.h">
      <Filter>proto</Filter>
    </ClInclude>
    <ClInclude Include="proto\http.h">
      <Filter>proto</Filter>
    </ClInclude>
    <ClInclude Include="proto\websock.h">
      <Filter>proto</Filter>
    </ClInclude>
    <ClInclude Include="proto\mqtt.h">
      <Filter>proto</Filter>
    </ClInclude>
    <ClInclude Include="cjson\cJSON.h">
      <Filter>utils\cjson</Filter>
    </ClInclude>
    <ClInclude Include="minicoro.h">
      <Filter>utils</Filter>
    </ClInclude>
    <ClInclude Include="service\maps.h">
      <Filter>service</Filter>
    </ClInclude>
    <ClInclude Include="proto\dns.h">
      <Filter>proto</Filter>
    </ClInclude>
  </ItemGroup>
  <ItemGroup>
    <ClCompile Include="memory.c">
      <Filter>base</Filter>
    </ClCompile>
    <ClCompile Include="utils.c">
      <Filter>utils</Filter>
    </ClCompile>
    <ClCompile Include="md5\md5.c">
      <Filter>utils\md5</Filter>
    </ClCompile>
    <ClCompile Include="sha1\sha1.c">
      <Filter>utils\sha1</Filter>
    </ClCompile>
    <ClCompile Include="thread.c">
      <Filter>thread</Filter>
    </ClCompile>
    <ClCompile Include="timer.c">
      <Filter>utils</Filter>
    </ClCompile>
    <ClCompile Include="netaddr.c">
      <Filter>utils</Filter>
    </ClCompile>
    <ClCompile Include="netutils.c">
      <Filter>utils</Filter>
    </ClCompile>
    <ClCompile Include="chan.c">
      <Filter>utils</Filter>
    </ClCompile>
    <ClCompile Include="loger.c">
      <Filter>utils</Filter>
    </ClCompile>
    <ClCompile Include="buffer.c">
      <Filter>utils</Filter>
    </ClCompile>
    <ClCompile Include="tw.c">
      <Filter>utils</Filter>
    </ClCompile>
    <ClCompile Include="hashmap.c">
      <Filter>utils\map</Filter>
    </ClCompile>
    <ClCompile Include="event\event.c">
      <Filter>event</Filter>
    </ClCompile>
    <ClCompile Include="event\iocp.c">
      <Filter>event\win</Filter>
    </ClCompile>
    <ClCompile Include="event\overlap.c">
      <Filter>event\win</Filter>
    </ClCompile>
    <ClCompile Include="event\uev.c">
      <Filter>event\unix</Filter>
    </ClCompile>
    <ClCompile Include="event\usock.c">
      <Filter>event\unix</Filter>
    </ClCompile>
    <ClCompile Include="event\ucmds.c">
      <Filter>event\unix</Filter>
    </ClCompile>
    <ClCompile Include="event\evssl.c">
      <Filter>event</Filter>
    </ClCompile>
    <ClCompile Include="event\wcmd.c">
      <Filter>event\win</Filter>
    </ClCompile>
    <ClCompile Include="service\srey.c">
      <Filter>service</Filter>
    </ClCompile>
    <ClCompile Include="proto\protos.c">
      <Filter>proto</Filter>
    </ClCompile>
    <ClCompile Include="proto\simple.c">
      <Filter>proto</Filter>
    </ClCompile>
    <ClCompile Include="proto\http.c">
      <Filter>proto</Filter>
    </ClCompile>
    <ClCompile Include="proto\websock.c">
      <Filter>proto</Filter>
    </ClCompile>
    <ClCompile Include="proto\mqtt.c">
      <Filter>proto</Filter>
    </ClCompile>
    <ClCompile Include="cjson\cJSON.c">
      <Filter>utils\cjson</Filter>
    </ClCompile>
    <ClCompile Include="service\maps.c">
      <Filter>service</Filter>
    </ClCompile>
    <ClCompile Include="proto\dns.c">
      <Filter>proto</Filter>
    </ClCompile>
  </ItemGroup>
</Project>