<?xml version="1.0" encoding="utf-8"?>
<Project ToolsVersion="4.0" xmlns="http://schemas.microsoft.com/developer/msbuild/2003">
  <ItemGroup>
    <Filter Include="base">
      <UniqueIdentifier>{361ca8e0-bf69-4d1a-97ca-eccfd9c162ff}</UniqueIdentifier>
    </Filter>
    <Filter Include="utils">
      <UniqueIdentifier>{8915a949-0c9d-4ddc-8950-8c0342a0f5e0}</UniqueIdentifier>
    </Filter>
    <Filter Include="thread">
      <UniqueIdentifier>{fdd12c60-2ba2-4b60-b4c8-135cb0f4f80d}</UniqueIdentifier>
    </Filter>
    <Filter Include="event">
      <UniqueIdentifier>{592350de-6276-4356-a720-a8d95c38cf56}</UniqueIdentifier>
    </Filter>
    <Filter Include="event\win">
      <UniqueIdentifier>{50004071-3dc4-4bc2-a125-87a1c7a65d71}</UniqueIdentifier>
    </Filter>
    <Filter Include="event\unix">
      <UniqueIdentifier>{942da95e-2cdb-4ff7-ab71-5d496e592712}</UniqueIdentifier>
    </Filter>
    <Filter Include="proto">
      <UniqueIdentifier>{6de5de1a-091e-4521-8005-38cdba96ae3e}</UniqueIdentifier>
    </Filter>
    <Filter Include="ds">
      <UniqueIdentifier>{9243310e-d6f4-44b1-bd17-bada164a1c0d}</UniqueIdentifier>
    </Filter>
    <Filter Include="algo">
      <UniqueIdentifier>{b8309848-77b2-4ec6-9bc0-a234857c1244}</UniqueIdentifier>
    </Filter>
    <Filter Include="srey">
      <UniqueIdentifier>{2f052cf0-39f4-455f-94ec-2d469dcab809}</UniqueIdentifier>
    </Filter>
    <Filter Include="proto\mysql">
      <UniqueIdentifier>{e34dfc93-e61e-4ef5-9535-626e0915b907}</UniqueIdentifier>
    </Filter>
  </ItemGroup>
  <ItemGroup>
    <ClInclude Include="errcode.h">
      <Filter>base</Filter>
    </ClInclude>
    <ClInclude Include="os.h">
      <Filter>base</Filter>
    </ClInclude>
    <ClInclude Include="memory.h">
      <Filter>base</Filter>
    </ClInclude>
    <ClInclude Include="macro_unix.h">
      <Filter>base</Filter>
    </ClInclude>
    <ClInclude Include="macro_win.h">
      <Filter>base</Filter>
    </ClInclude>
    <ClInclude Include="macro.h">
      <Filter>base</Filter>
    </ClInclude>
    <ClInclude Include="lib.h" />
    <ClInclude Include="utils.h">
      <Filter>utils</Filter>
    </ClInclude>
    <ClInclude Include="timer.h">
      <Filter>utils</Filter>
    </ClInclude>
    <ClInclude Include="netaddr.h">
      <Filter>utils</Filter>
    </ClInclude>
    <ClInclude Include="netutils.h">
      <Filter>utils</Filter>
    </ClInclude>
    <ClInclude Include="buffer.h">
      <Filter>utils</Filter>
    </ClInclude>
    <ClInclude Include="tw.h">
      <Filter>utils</Filter>
    </ClInclude>
    <ClInclude Include="event\event.h">
      <Filter>event</Filter>
    </ClInclude>
    <ClInclude Include="event\iocp.h">
      <Filter>event\win</Filter>
    </ClInclude>
    <ClInclude Include="event\evpub.h">
      <Filter>event</Filter>
    </ClInclude>
    <ClInclude Include="event\uev.h">
      <Filter>event\unix</Filter>
    </ClInclude>
    <ClInclude Include="event\skpool.h">
      <Filter>event</Filter>
    </ClInclude>
    <ClInclude Include="config.h">
      <Filter>base</Filter>
    </ClInclude>
    <ClInclude Include="event\evssl.h">
      <Filter>event</Filter>
    </ClInclude>
    <ClInclude Include="structs.h">
      <Filter>base</Filter>
    </ClInclude>
    <ClInclude Include="proto\http.h">
      <Filter>proto</Filter>
    </ClInclude>
    <ClInclude Include="proto\dns.h">
      <Filter>proto</Filter>
    </ClInclude>
    <ClInclude Include="log.h">
      <Filter>utils</Filter>
    </ClInclude>
    <ClInclude Include="proto\protos.h">
      <Filter>proto</Filter>
    </ClInclude>
    <ClInclude Include="proto\urlparse.h">
      <Filter>proto</Filter>
    </ClInclude>
    <ClInclude Include="thread\cond.h">
      <Filter>thread</Filter>
    </ClInclude>
    <ClInclude Include="thread\mutex.h">
      <Filter>thread</Filter>
    </ClInclude>
    <ClInclude Include="thread\rwlock.h">
      <Filter>thread</Filter>
    </ClInclude>
    <ClInclude Include="thread\spinlock.h">
      <Filter>thread</Filter>
    </ClInclude>
    <ClInclude Include="thread\thread.h">
      <Filter>thread</Filter>
    </ClInclude>
    <ClInclude Include="ds\hashmap.h">
      <Filter>ds</Filter>
    </ClInclude>
    <ClInclude Include="ds\queue.h">
      <Filter>ds</Filter>
    </ClInclude>
    <ClInclude Include="ds\sarray.h">
      <Filter>ds</Filter>
    </ClInclude>
    <ClInclude Include="algo\algo.h">
      <Filter>algo</Filter>
    </ClInclude>
    <ClInclude Include="algo\base64.h">
      <Filter>algo</Filter>
    </ClInclude>
    <ClInclude Include="algo\crc.h">
      <Filter>algo</Filter>
    </ClInclude>
    <ClInclude Include="algo\hash_ring.h">
      <Filter>algo</Filter>
    </ClInclude>
    <ClInclude Include="algo\md5.h">
      <Filter>algo</Filter>
    </ClInclude>
    <ClInclude Include="algo\sha1.h">
      <Filter>algo</Filter>
    </ClInclude>
    <ClInclude Include="algo\sha256.h">
      <Filter>algo</Filter>
    </ClInclude>
    <ClInclude Include="algo\urlraw.h">
      <Filter>algo</Filter>
    </ClInclude>
    <ClInclude Include="algo\xor.h">
      <Filter>algo</Filter>
    </ClInclude>
    <ClInclude Include="algo\hmac.h">
      <Filter>algo</Filter>
    </ClInclude>
    <ClInclude Include="sfid.h">
      <Filter>utils</Filter>
    </ClInclude>
    <ClInclude Include="strptime.h">
      <Filter>utils</Filter>
    </ClInclude>
    <ClInclude Include="srey\task.h">
      <Filter>srey</Filter>
    </ClInclude>
    <ClInclude Include="srey\trigger.h">
      <Filter>srey</Filter>
    </ClInclude>
    <ClInclude Include="srey\scheduler.h">
      <Filter>srey</Filter>
    </ClInclude>
    <ClInclude Include="srey\coro.h">
      <Filter>srey</Filter>
    </ClInclude>
    <ClInclude Include="proto\websock.h">
      <Filter>proto</Filter>
    </ClInclude>
    <ClInclude Include="srey\ssls.h">
      <Filter>srey</Filter>
    </ClInclude>
    <ClInclude Include="srey\spub.h">
      <Filter>srey</Filter>
    </ClInclude>
    <ClInclude Include="srey\coro_utils.h">
      <Filter>srey</Filter>
    </ClInclude>
    <ClInclude Include="srey\register.h">
      <Filter>srey</Filter>
    </ClInclude>
    <ClInclude Include="proto\custz.h">
      <Filter>proto</Filter>
    </ClInclude>
    <ClInclude Include="proto\redis.h">
      <Filter>proto</Filter>
    </ClInclude>
    <ClInclude Include="binary.h">
      <Filter>utils</Filter>
    </ClInclude>
    <ClInclude Include="proto\mysql\mysql.h">
      <Filter>proto\mysql</Filter>
    </ClInclude>
    <ClInclude Include="proto\mysql\mysql_bind.h">
      <Filter>proto\mysql</Filter>
    </ClInclude>
    <ClInclude Include="proto\mysql\mysql_macro.h">
      <Filter>proto\mysql</Filter>
    </ClInclude>
    <ClInclude Include="proto\mysql\mysql_pack.h">
      <Filter>proto\mysql</Filter>
    </ClInclude>
    <ClInclude Include="proto\mysql\mysql_parse.h">
      <Filter>proto\mysql</Filter>
    </ClInclude>
    <ClInclude Include="proto\mysql\mysql_reader.h">
      <Filter>proto\mysql</Filter>
    </ClInclude>
    <ClInclude Include="proto\mysql\mysql_struct.h">
      <Filter>proto\mysql</Filter>
    </ClInclude>
    <ClInclude Include="proto\mysql\mysql_utils.h">
      <Filter>proto\mysql</Filter>
    </ClInclude>
  </ItemGroup>
  <ItemGroup>
    <ClCompile Include="memory.c">
      <Filter>base</Filter>
    </ClCompile>
    <ClCompile Include="utils.c">
      <Filter>utils</Filter>
    </ClCompile>
    <ClCompile Include="timer.c">
      <Filter>utils</Filter>
    </ClCompile>
    <ClCompile Include="netaddr.c">
      <Filter>utils</Filter>
    </ClCompile>
    <ClCompile Include="netutils.c">
      <Filter>utils</Filter>
    </ClCompile>
    <ClCompile Include="buffer.c">
      <Filter>utils</Filter>
    </ClCompile>
    <ClCompile Include="tw.c">
      <Filter>utils</Filter>
    </ClCompile>
    <ClCompile Include="event\event.c">
      <Filter>event</Filter>
    </ClCompile>
    <ClCompile Include="event\iocp.c">
      <Filter>event\win</Filter>
    </ClCompile>
    <ClCompile Include="event\overlap.c">
      <Filter>event\win</Filter>
    </ClCompile>
    <ClCompile Include="event\uev.c">
      <Filter>event\unix</Filter>
    </ClCompile>
    <ClCompile Include="event\usock.c">
      <Filter>event\unix</Filter>
    </ClCompile>
    <ClCompile Include="event\ucmds.c">
      <Filter>event\unix</Filter>
    </ClCompile>
    <ClCompile Include="event\evssl.c">
      <Filter>event</Filter>
    </ClCompile>
    <ClCompile Include="event\wcmd.c">
      <Filter>event\win</Filter>
    </ClCompile>
    <ClCompile Include="proto\http.c">
      <Filter>proto</Filter>
    </ClCompile>
    <ClCompile Include="proto\dns.c">
      <Filter>proto</Filter>
    </ClCompile>
    <ClCompile Include="log.c">
      <Filter>utils</Filter>
    </ClCompile>
    <ClCompile Include="proto\protos.c">
      <Filter>proto</Filter>
    </ClCompile>
    <ClCompile Include="proto\urlparse.c">
      <Filter>proto</Filter>
    </ClCompile>
    <ClCompile Include="thread\thread.c">
      <Filter>thread</Filter>
    </ClCompile>
    <ClCompile Include="ds\hashmap.c">
      <Filter>ds</Filter>
    </ClCompile>
    <ClCompile Include="algo\base64.c">
      <Filter>algo</Filter>
    </ClCompile>
    <ClCompile Include="algo\crc.c">
      <Filter>algo</Filter>
    </ClCompile>
    <ClCompile Include="algo\hash_ring.c">
      <Filter>algo</Filter>
    </ClCompile>
    <ClCompile Include="algo\md5.c">
      <Filter>algo</Filter>
    </ClCompile>
    <ClCompile Include="algo\sha1.c">
      <Filter>algo</Filter>
    </ClCompile>
    <ClCompile Include="algo\sha256.c">
      <Filter>algo</Filter>
    </ClCompile>
    <ClCompile Include="algo\urlraw.c">
      <Filter>algo</Filter>
    </ClCompile>
    <ClCompile Include="algo\xor.c">
      <Filter>algo</Filter>
    </ClCompile>
    <ClCompile Include="sfid.c">
      <Filter>utils</Filter>
    </ClCompile>
    <ClCompile Include="strptime.c">
      <Filter>utils</Filter>
    </ClCompile>
    <ClCompile Include="srey\task.c">
      <Filter>srey</Filter>
    </ClCompile>
    <ClCompile Include="srey\trigger.c">
      <Filter>srey</Filter>
    </ClCompile>
    <ClCompile Include="srey\scheduler.c">
      <Filter>srey</Filter>
    </ClCompile>
    <ClCompile Include="srey\coro.c">
      <Filter>srey</Filter>
    </ClCompile>
    <ClCompile Include="proto\websock.c">
      <Filter>proto</Filter>
    </ClCompile>
    <ClCompile Include="srey\ssls.c">
      <Filter>srey</Filter>
    </ClCompile>
    <ClCompile Include="srey\coro_utils.c">
      <Filter>srey</Filter>
    </ClCompile>
    <ClCompile Include="proto\custz.c">
      <Filter>proto</Filter>
    </ClCompile>
    <ClCompile Include="proto\redis.c">
      <Filter>proto</Filter>
    </ClCompile>
    <ClCompile Include="proto\mysql\mysql.c">
      <Filter>proto\mysql</Filter>
    </ClCompile>
    <ClCompile Include="proto\mysql\mysql_bind.c">
      <Filter>proto\mysql</Filter>
    </ClCompile>
    <ClCompile Include="proto\mysql\mysql_pack.c">
      <Filter>proto\mysql</Filter>
    </ClCompile>
    <ClCompile Include="proto\mysql\mysql_parse.c">
      <Filter>proto\mysql</Filter>
    </ClCompile>
    <ClCompile Include="proto\mysql\mysql_reader.c">
      <Filter>proto\mysql</Filter>
    </ClCompile>
    <ClCompile Include="proto\mysql\mysql_utils.c">
      <Filter>proto\mysql</Filter>
    </ClCompile>
  </ItemGroup>
</Project>