<?xml version="1.0" encoding="utf-8"?>
<Project ToolsVersion="4.0" xmlns="http://schemas.microsoft.com/developer/msbuild/2003">
  <ItemGroup>
    <ClCompile Include="main.c" />
    <ClCompile Include="lua\lapi.c">
      <Filter>3rd\lua</Filter>
    </ClCompile>
    <ClCompile Include="lua\lauxlib.c">
      <Filter>3rd\lua</Filter>
    </ClCompile>
    <ClCompile Include="lua\lbaselib.c">
      <Filter>3rd\lua</Filter>
    </ClCompile>
    <ClCompile Include="lua\lcode.c">
      <Filter>3rd\lua</Filter>
    </ClCompile>
    <ClCompile Include="lua\lcorolib.c">
      <Filter>3rd\lua</Filter>
    </ClCompile>
    <ClCompile Include="lua\lctype.c">
      <Filter>3rd\lua</Filter>
    </ClCompile>
    <ClCompile Include="lua\ldblib.c">
      <Filter>3rd\lua</Filter>
    </ClCompile>
    <ClCompile Include="lua\ldebug.c">
      <Filter>3rd\lua</Filter>
    </ClCompile>
    <ClCompile Include="lua\ldo.c">
      <Filter>3rd\lua</Filter>
    </ClCompile>
    <ClCompile Include="lua\ldump.c">
      <Filter>3rd\lua</Filter>
    </ClCompile>
    <ClCompile Include="lua\lfunc.c">
      <Filter>3rd\lua</Filter>
    </ClCompile>
    <ClCompile Include="lua\lgc.c">
      <Filter>3rd\lua</Filter>
    </ClCompile>
    <ClCompile Include="lua\linit.c">
      <Filter>3rd\lua</Filter>
    </ClCompile>
    <ClCompile Include="lua\liolib.c">
      <Filter>3rd\lua</Filter>
    </ClCompile>
    <ClCompile Include="lua\llex.c">
      <Filter>3rd\lua</Filter>
    </ClCompile>
    <ClCompile Include="lua\lmathlib.c">
      <Filter>3rd\lua</Filter>
    </ClCompile>
    <ClCompile Include="lua\lmem.c">
      <Filter>3rd\lua</Filter>
    </ClCompile>
    <ClCompile Include="lua\loadlib.c">
      <Filter>3rd\lua</Filter>
    </ClCompile>
    <ClCompile Include="lua\lobject.c">
      <Filter>3rd\lua</Filter>
    </ClCompile>
    <ClCompile Include="lua\lopcodes.c">
      <Filter>3rd\lua</Filter>
    </ClCompile>
    <ClCompile Include="lua\loslib.c">
      <Filter>3rd\lua</Filter>
    </ClCompile>
    <ClCompile Include="lua\lparser.c">
      <Filter>3rd\lua</Filter>
    </ClCompile>
    <ClCompile Include="lua\lstate.c">
      <Filter>3rd\lua</Filter>
    </ClCompile>
    <ClCompile Include="lua\lstring.c">
      <Filter>3rd\lua</Filter>
    </ClCompile>
    <ClCompile Include="lua\lstrlib.c">
      <Filter>3rd\lua</Filter>
    </ClCompile>
    <ClCompile Include="lua\ltable.c">
      <Filter>3rd\lua</Filter>
    </ClCompile>
    <ClCompile Include="lua\ltablib.c">
      <Filter>3rd\lua</Filter>
    </ClCompile>
    <ClCompile Include="lua\ltm.c">
      <Filter>3rd\lua</Filter>
    </ClCompile>
    <ClCompile Include="lua\lundump.c">
      <Filter>3rd\lua</Filter>
    </ClCompile>
    <ClCompile Include="lua\lutf8lib.c">
      <Filter>3rd\lua</Filter>
    </ClCompile>
    <ClCompile Include="lua\lvm.c">
      <Filter>3rd\lua</Filter>
    </ClCompile>
    <ClCompile Include="lua\lzio.c">
      <Filter>3rd\lua</Filter>
    </ClCompile>
    <ClCompile Include="luacjson\dtoa.c">
      <Filter>3rd\cjson</Filter>
    </ClCompile>
    <ClCompile Include="luacjson\g_fmt.c">
      <Filter>3rd\cjson</Filter>
    </ClCompile>
    <ClCompile Include="luacjson\lua_cjson.c">
      <Filter>3rd\cjson</Filter>
    </ClCompile>
    <ClCompile Include="luacjson\strbuf.c">
      <Filter>3rd\cjson</Filter>
    </ClCompile>
    <ClCompile Include="msgpack\lua_cmsgpack.c">
      <Filter>3rd\msgpack</Filter>
    </ClCompile>
    <ClCompile Include="ltask.c" />
    <ClCompile Include="argparse\argparse.c">
      <Filter>3rd\argparse</Filter>
    </ClCompile>
  </ItemGroup>
  <ItemGroup>
    <Filter Include="3rd">
      <UniqueIdentifier>{3c9bd729-cf18-431e-a4f1-f804496f9926}</UniqueIdentifier>
    </Filter>
    <Filter Include="3rd\lua">
      <UniqueIdentifier>{cd3518ee-6273-4993-a6c4-f37935fb4b7b}</UniqueIdentifier>
    </Filter>
    <Filter Include="3rd\cjson">
      <UniqueIdentifier>{7ab0a747-fcd9-4c1b-8f1c-84249f431577}</UniqueIdentifier>
    </Filter>
    <Filter Include="3rd\msgpack">
      <UniqueIdentifier>{34691955-0dcb-47f9-8546-209d440e86c8}</UniqueIdentifier>
    </Filter>
    <Filter Include="3rd\argparse">
      <UniqueIdentifier>{8e8f9805-a3e5-45a9-8c71-b77897fe650e}</UniqueIdentifier>
    </Filter>
  </ItemGroup>
  <ItemGroup>
    <ClInclude Include="lua\lapi.h">
      <Filter>3rd\lua</Filter>
    </ClInclude>
    <ClInclude Include="lua\lauxlib.h">
      <Filter>3rd\lua</Filter>
    </ClInclude>
    <ClInclude Include="lua\lcode.h">
      <Filter>3rd\lua</Filter>
    </ClInclude>
    <ClInclude Include="lua\lctype.h">
      <Filter>3rd\lua</Filter>
    </ClInclude>
    <ClInclude Include="lua\ldebug.h">
      <Filter>3rd\lua</Filter>
    </ClInclude>
    <ClInclude Include="lua\ldo.h">
      <Filter>3rd\lua</Filter>
    </ClInclude>
    <ClInclude Include="lua\lfunc.h">
      <Filter>3rd\lua</Filter>
    </ClInclude>
    <ClInclude Include="lua\lgc.h">
      <Filter>3rd\lua</Filter>
    </ClInclude>
    <ClInclude Include="lua\ljumptab.h">
      <Filter>3rd\lua</Filter>
    </ClInclude>
    <ClInclude Include="lua\llex.h">
      <Filter>3rd\lua</Filter>
    </ClInclude>
    <ClInclude Include="lua\llimits.h">
      <Filter>3rd\lua</Filter>
    </ClInclude>
    <ClInclude Include="lua\lmem.h">
      <Filter>3rd\lua</Filter>
    </ClInclude>
    <ClInclude Include="lua\lobject.h">
      <Filter>3rd\lua</Filter>
    </ClInclude>
    <ClInclude Include="lua\lopcodes.h">
      <Filter>3rd\lua</Filter>
    </ClInclude>
    <ClInclude Include="lua\lopnames.h">
      <Filter>3rd\lua</Filter>
    </ClInclude>
    <ClInclude Include="lua\lparser.h">
      <Filter>3rd\lua</Filter>
    </ClInclude>
    <ClInclude Include="lua\lprefix.h">
      <Filter>3rd\lua</Filter>
    </ClInclude>
    <ClInclude Include="lua\lstate.h">
      <Filter>3rd\lua</Filter>
    </ClInclude>
    <ClInclude Include="lua\lstring.h">
      <Filter>3rd\lua</Filter>
    </ClInclude>
    <ClInclude Include="lua\ltable.h">
      <Filter>3rd\lua</Filter>
    </ClInclude>
    <ClInclude Include="lua\ltm.h">
      <Filter>3rd\lua</Filter>
    </ClInclude>
    <ClInclude Include="lua\lua.h">
      <Filter>3rd\lua</Filter>
    </ClInclude>
    <ClInclude Include="lua\luaconf.h">
      <Filter>3rd\lua</Filter>
    </ClInclude>
    <ClInclude Include="lua\lualib.h">
      <Filter>3rd\lua</Filter>
    </ClInclude>
    <ClInclude Include="lua\lundump.h">
      <Filter>3rd\lua</Filter>
    </ClInclude>
    <ClInclude Include="lua\lvm.h">
      <Filter>3rd\lua</Filter>
    </ClInclude>
    <ClInclude Include="lua\lzio.h">
      <Filter>3rd\lua</Filter>
    </ClInclude>
    <ClInclude Include="luacjson\dtoa_config.h">
      <Filter>3rd\cjson</Filter>
    </ClInclude>
    <ClInclude Include="luacjson\fpconv.h">
      <Filter>3rd\cjson</Filter>
    </ClInclude>
    <ClInclude Include="luacjson\strbuf.h">
      <Filter>3rd\cjson</Filter>
    </ClInclude>
    <ClInclude Include="ltask.h" />
    <ClInclude Include="argparse\argparse.h">
      <Filter>3rd\argparse</Filter>
    </ClInclude>
  </ItemGroup>
</Project>