<?xml version="1.0" encoding="utf-8"?>
<Project ToolsVersion="4.0" xmlns="http://schemas.microsoft.com/developer/msbuild/2003">
  <ItemGroup>
    <ClCompile Include="ltasks\lreg.c">
      <Filter>ltasks</Filter>
    </ClCompile>
    <ClCompile Include="ltasks\ltask.c">
      <Filter>ltasks</Filter>
    </ClCompile>
    <ClCompile Include="main.c" />
  </ItemGroup>
  <ItemGroup>
    <Filter Include="ltasks">
      <UniqueIdentifier>{89dccd9f-87ab-426b-8905-bfc3e48849a0}</UniqueIdentifier>
    </Filter>
  </ItemGroup>
  <ItemGroup>
    <ClInclude Include="ltasks\ltask.h">
      <Filter>ltasks</Filter>
    </ClInclude>
    <ClInclude Include="startup.h" />
  </ItemGroup>
</Project>